
Microsoft Visual Studio Solution File, Format Version 12.00
# Visual Studio Version 17
VisualStudioVersion = 17.4.33110.190
MinimumVisualStudioVersion = 10.0.40219.1
Project("{FAE04EC0-301F-11D3-BF4B-00C04F79EFBC}") = "ConsoleGame", "ConsoleGame.csproj", "{52016489-03FC-42CB-8EFD-640620445C4A}"
EndProject
Global
	GlobalSection(SolutionConfigurationPlatforms) = preSolution
		Debug|Any CPU = Debug|Any CPU
		Release|Any CPU = Release|Any CPU
	EndGlobalSection
	GlobalSection(ProjectConfigurationPlatforms) = postSolution
		{52016489-03FC-42CB-8EFD-640620445C4A}.Debug|Any CPU.ActiveCfg = Debug|Any CPU
		{52016489-03FC-42CB-8EFD-640620445C4A}.Debug|Any CPU.Build.0 = Debug|Any CPU
		{52016489-03FC-42CB-8EFD-640620445C4A}.Release|Any CPU.ActiveCfg = Release|Any CPU
		{52016489-03FC-42CB-8EFD-640620445C4A}.Release|Any CPU.Build.0 = Release|Any CPU
	EndGlobalSection
	GlobalSection(SolutionProperties) = preSolution
		HideSolutionNode = FALSE
	EndGlobalSection
	GlobalSection(ExtensibilityGlobals) = postSolution
		SolutionGuid = {93B7F3BE-5719-47F0-8343-D4AC46CE3BE9}
	EndGlobalSection
EndGlobal
